
Microsoft Visual Studio Solution File, Format Version 12.00
# Visual Studio Version 17
VisualStudioVersion = 17.14.36414.22 d17.14
MinimumVisualStudioVersion = 10.0.40219.1
Project("{FAE04EC0-301F-11D3-BF4B-00C04F79EFBC}") = "WebUI", "WebUI\WebUI.csproj", "{4B0E103A-FB77-40D1-A95E-5D92401AB774}"
EndProject
Project("{E53339B2-1760-4266-BCC7-CA923CBCF16C}") = "docker-compose", "docker-compose.dcproj", "{81DDED9D-158B-E303-5F62-77A2896D2A5A}"
EndProject
Global
	GlobalSection(SolutionConfigurationPlatforms) = preSolution
		Debug|Any CPU = Debug|Any CPU
		Release|Any CPU = Release|Any CPU
	EndGlobalSection
	GlobalSection(ProjectConfigurationPlatforms) = postSolution
		{4B0E103A-FB77-40D1-A95E-5D92401AB774}.Debug|Any CPU.ActiveCfg = Debug|Any CPU
		{4B0E103A-FB77-40D1-A95E-5D92401AB774}.Debug|Any CPU.Build.0 = Debug|Any CPU
		{4B0E103A-FB77-40D1-A95E-5D92401AB774}.Release|Any CPU.ActiveCfg = Release|Any CPU
		{4B0E103A-FB77-40D1-A95E-5D92401AB774}.Release|Any CPU.Build.0 = Release|Any CPU
	EndGlobalSection
	GlobalSection(SolutionProperties) = preSolution
		HideSolutionNode = FALSE
	EndGlobalSection
	GlobalSection(ExtensibilityGlobals) = postSolution
		SolutionGuid = {77061F51-EF6A-45ED-B3A3-FB54283753D2}
	EndGlobalSection
EndGlobal
