
Microsoft Visual Studio Solution File, Format Version 12.00
# Visual Studio Version 17
VisualStudioVersion = 17.14.36414.22 d17.14
MinimumVisualStudioVersion = 10.0.40219.1
Project("{FAE04EC0-301F-11D3-BF4B-00C04F79EFBC}") = "Subscriber", "Subscriber.csproj", "{B182232D-7978-A2A5-1343-B38201DB92B2}"
EndProject
Global
	GlobalSection(SolutionConfigurationPlatforms) = preSolution
		Debug|Any CPU = Debug|Any CPU
		Release|Any CPU = Release|Any CPU
	EndGlobalSection
	GlobalSection(ProjectConfigurationPlatforms) = postSolution
		{B182232D-7978-A2A5-1343-B38201DB92B2}.Debug|Any CPU.ActiveCfg = Debug|Any CPU
		{B182232D-7978-A2A5-1343-B38201DB92B2}.Debug|Any CPU.Build.0 = Debug|Any CPU
		{B182232D-7978-A2A5-1343-B38201DB92B2}.Release|Any CPU.ActiveCfg = Release|Any CPU
		{B182232D-7978-A2A5-1343-B38201DB92B2}.Release|Any CPU.Build.0 = Release|Any CPU
	EndGlobalSection
	GlobalSection(SolutionProperties) = preSolution
		HideSolutionNode = FALSE
	EndGlobalSection
	GlobalSection(ExtensibilityGlobals) = postSolution
		SolutionGuid = {E618545D-13B6-4528-A60A-583114AA0D99}
	EndGlobalSection
EndGlobal
